PODS:
  - MJRefresh (3.1.15.7)
  - ZYNavigationBar (1.0.3)
  - ZYShimmer (0.1.1)

DEPENDENCIES:
  - MJRefresh
  - ZYNavigationBar
  - ZYShimmer

SPEC REPOS:
  https://github.com/cocoapods/specs.git:
    - MJRefresh
    - ZYNavigationBar
    - ZYShimmer

SPEC CHECKSUMS:
  MJRefresh: 697f8ec75ebdbe9207767bb682cf0f51b0d8a41f
  ZYNavigationBar: 7850b3a64bc51151fe300bb6958de8cb746f7655
  ZYShimmer: 78e408cc5d73412cadaf963507e884bdbd73f336

PODFILE CHECKSUM: cba7e779f06e0834da778e5836b56e77f9a3dd5b

COCOAPODS: 1.5.3
